
Microsoft Visual Studio Solution File, Format Version 12.00
# Visual Studio 14
VisualStudioVersion = 14.0.24720.0
MinimumVisualStudioVersion = 10.0.40219.1
Project("{8BB2217D-0F2D-49D1-97BC-3654ED321F3B}") = "Serilog.Sinks.ElmahIO", "src\Serilog.Sinks.ElmahIO\Serilog.Sinks.ElmahIO.xproj", "{C08D5A32-7D0A-4FC6-B9E6-1DB396304AA0}"
EndProject
Project("{8BB2217D-0F2D-49D1-97BC-3654ED321F3B}") = "Serilog.Sinks.ElmahIO.Test", "test\Serilog.Sinks.ElmahIO.Test\Serilog.Sinks.ElmahIO.Test.xproj", "{8752FDFC-2399-450E-9C07-AAB70CC48EAC}"
EndProject
Global
	GlobalSection(SolutionConfigurationPlatforms) = preSolution
		Debug|Any CPU = Debug|Any CPU
		Release|Any CPU = Release|Any CPU
	EndGlobalSection
	GlobalSection(ProjectConfigurationPlatforms) = postSolution
		{C08D5A32-7D0A-4FC6-B9E6-1DB396304AA0}.Debug|Any CPU.ActiveCfg = Debug|Any CPU
		{C08D5A32-7D0A-4FC6-B9E6-1DB396304AA0}.Debug|Any CPU.Build.0 = Debug|Any CPU
		{C08D5A32-7D0A-4FC6-B9E6-1DB396304AA0}.Release|Any CPU.ActiveCfg = Release|Any CPU
		{C08D5A32-7D0A-4FC6-B9E6-1DB396304AA0}.Release|Any CPU.Build.0 = Release|Any CPU
		{8752FDFC-2399-450E-9C07-AAB70CC48EAC}.Debug|Any CPU.ActiveCfg = Debug|Any CPU
		{8752FDFC-2399-450E-9C07-AAB70CC48EAC}.Debug|Any CPU.Build.0 = Debug|Any CPU
		{8752FDFC-2399-450E-9C07-AAB70CC48EAC}.Release|Any CPU.ActiveCfg = Release|Any CPU
		{8752FDFC-2399-450E-9C07-AAB70CC48EAC}.Release|Any CPU.Build.0 = Release|Any CPU
	EndGlobalSection
	GlobalSection(SolutionProperties) = preSolution
		HideSolutionNode = FALSE
	EndGlobalSection
EndGlobal
